
Microsoft Visual Studio Solution File, Format Version 12.00
# Visual Studio Version 16
VisualStudioVersion = 16.0.31911.196
MinimumVisualStudioVersion = 10.0.40219.1
Project("{FAE04EC0-301F-11D3-BF4B-00C04F79EFBC}") = "Dio.Bank", "Dio.Bank.csproj", "{EB91322E-44CA-4712-AB7A-F317DFCC58CB}"
EndProject
Global
	GlobalSection(SolutionConfigurationPlatforms) = preSolution
		Debug|Any CPU = Debug|Any CPU
		Release|Any CPU = Release|Any CPU
	EndGlobalSection
	GlobalSection(ProjectConfigurationPlatforms) = postSolution
		{EB91322E-44CA-4712-AB7A-F317DFCC58CB}.Debug|Any CPU.ActiveCfg = Debug|Any CPU
		{EB91322E-44CA-4712-AB7A-F317DFCC58CB}.Debug|Any CPU.Build.0 = Debug|Any CPU
		{EB91322E-44CA-4712-AB7A-F317DFCC58CB}.Release|Any CPU.ActiveCfg = Release|Any CPU
		{EB91322E-44CA-4712-AB7A-F317DFCC58CB}.Release|Any CPU.Build.0 = Release|Any CPU
	EndGlobalSection
	GlobalSection(SolutionProperties) = preSolution
		HideSolutionNode = FALSE
	EndGlobalSection
	GlobalSection(ExtensibilityGlobals) = postSolution
		SolutionGuid = {44643791-527D-438E-806E-07DA91F3A91B}
	EndGlobalSection
EndGlobal
